
Microsoft Visual Studio Solution File, Format Version 12.00
# Visual Studio Version 16
VisualStudioVersion = 16.0.29926.136
MinimumVisualStudioVersion = 10.0.40219.1
Project("{FAE04EC0-301F-11D3-BF4B-00C04F79EFBC}") = "PracticeProblemsLINQ", "PracticeProblemsLINQ\PracticeProblemsLINQ.csproj", "{62D7D181-5D47-4453-9645-AE2F545DF19E}"
EndProject
Global
	GlobalSection(SolutionConfigurationPlatforms) = preSolution
		Debug|Any CPU = Debug|Any CPU
		Release|Any CPU = Release|Any CPU
	EndGlobalSection
	GlobalSection(ProjectConfigurationPlatforms) = postSolution
		{62D7D181-5D47-4453-9645-AE2F545DF19E}.Debug|Any CPU.ActiveCfg = Debug|Any CPU
		{62D7D181-5D47-4453-9645-AE2F545DF19E}.Debug|Any CPU.Build.0 = Debug|Any CPU
		{62D7D181-5D47-4453-9645-AE2F545DF19E}.Release|Any CPU.ActiveCfg = Release|Any CPU
		{62D7D181-5D47-4453-9645-AE2F545DF19E}.Release|Any CPU.Build.0 = Release|Any CPU
	EndGlobalSection
	GlobalSection(SolutionProperties) = preSolution
		HideSolutionNode = FALSE
	EndGlobalSection
	GlobalSection(ExtensibilityGlobals) = postSolution
		SolutionGuid = {25645B05-597D-444E-91FF-96E6D13B3143}
	EndGlobalSection
EndGlobal
